// !$*UTF8*$!
{
	archiveVersion = 1;
	classes = {
	};
	objectVersion = 56;
	objects = {

/* Begin PBXBuildFile section */
		485171AB2CFDABC500629A99 /* DrinkSelectorApp.swift in Sources */ = {isa = PBXBuildFile; fileRef = 485171AA2CFDABC500629A99 /* DrinkSelectorApp.swift */; };
		485171AD2CFDABC500629A99 /* ContentView.swift in Sources */ = {isa = PBXBuildFile; fileRef = 485171AC2CFDABC500629A99 /* ContentView.swift */; };
		485171AF2CFDABC600629A99 /* Assets.xcassets in Resources */ = {isa = PBXBuildFile; fileRef = 485171AE2CFDABC600629A99 /* Assets.xcassets */; };
		485171B22CFDABC600629A99 /* Preview Assets.xcassets in Resources */ = {isa = PBXBuildFile; fileRef = 485171B12CFDABC600629A99 /* Preview Assets.xcassets */; };
		485171BC2CFDABC600629A99 /* DrinkSelectorTests.swift in Sources */ = {isa = PBXBuildFile; fileRef = 485171BB2CFDABC600629A99 /* DrinkSelectorTests.swift */; };
		485171C62CFDABC600629A99 /* DrinkSelectorUITests.swift in Sources */ = {isa = PBXBuildFile; fileRef = 485171C52CFDABC600629A99 /* DrinkSelectorUITests.swift */; };
		485171C82CFDABC600629A99 /* DrinkSelectorUITestsLaunchTests.swift in Sources */ = {isa = PBXBuildFile; fileRef = 485171C72CFDABC600629A99 /* DrinkSelectorUITestsLaunchTests.swift */; };
/* End PBXBuildFile section */

/* Begin PBXContainerItemProxy section */
		485171B82CFDABC600629A99 /* PBXContainerItemProxy */ = {
			isa = PBXContainerItemProxy;
			containerPortal = 4851719F2CFDABC500629A99 /* Project object */;
			proxyType = 1;
			remoteGlobalIDString = 485171A62CFDABC500629A99;
			remoteInfo = DrinkSelector;
		};
		485171C22CFDABC600629A99 /* PBXContainerItemProxy */ = {
			isa = PBXContainerItemProxy;
			containerPortal = 4851719F2CFDABC500629A99 /* Project object */;
			proxyType = 1;
			remoteGlobalIDString = 485171A62CFDABC500629A99;
			remoteInfo = DrinkSelector;
		};
/* End PBXContainerItemProxy section */

/* Begin PBXFileReference section */
		485171A72CFDABC500629A99 /* DrinkSelector.app */ = {isa = PBXFileReference; explicitFileType = wrapper.application; includeInIndex = 0; path = DrinkSelector.app; sourceTree = BUILT_PRODUCTS_DIR; };
		485171AA2CFDABC500629A99 /* DrinkSelectorApp.swift */ = {isa = PBXFileReference; lastKnownFileType = sourcecode.swift; path = DrinkSelectorApp.swift; sourceTree = "<group>"; };
		485171AC2CFDABC500629A99 /* ContentView.swift */ = {isa = PBXFileReference; lastKnownFileType = sourcecode.swift; path = ContentView.swift; sourceTree = "<group>"; };
		485171AE2CFDABC600629A99 /* Assets.xcassets */ = {isa = PBXFileReference; lastKnownFileType = folder.assetcatalog; path = Assets.xcassets; sourceTree = "<group>"; };
		485171B12CFDABC600629A99 /* Preview Assets.xcassets */ = {isa = PBXFileReference; lastKnownFileType = folder.assetcatalog; path = "Preview Assets.xcassets"; sourceTree = "<group>"; };
		485171B72CFDABC600629A99 /* DrinkSelectorTests.xctest */ = {isa = PBXFileReference; explicitFileType = wrapper.cfbundle; includeInIndex = 0; path = DrinkSelectorTests.xctest; sourceTree = BUILT_PRODUCTS_DIR; };
		485171BB2CFDABC600629A99 /* DrinkSelectorTests.swift */ = {isa = PBXFileReference; lastKnownFileType = sourcecode.swift; path = DrinkSelectorTests.swift; sourceTree = "<group>"; };
		485171C12CFDABC600629A99 /* DrinkSelectorUITests.xctest */ = {isa = PBXFileReference; explicitFileType = wrapper.cfbundle; includeInIndex = 0; path = DrinkSelectorUITests.xctest; sourceTree = BUILT_PRODUCTS_DIR; };
		485171C52CFDABC600629A99 /* DrinkSelectorUITests.swift */ = {isa = PBXFileReference; lastKnownFileType = sourcecode.swift; path = DrinkSelectorUITests.swift; sourceTree = "<group>"; };
		485171C72CFDABC600629A99 /* DrinkSelectorUITestsLaunchTests.swift */ = {isa = PBXFileReference; lastKnownFileType = sourcecode.swift; path = DrinkSelectorUITestsLaunchTests.swift; sourceTree = "<group>"; };
/* End PBXFileReference section */

/* Begin PBXFrameworksBuildPhase section */
		485171A42CFDABC500629A99 /* Frameworks */ = {
			isa = PBXFrameworksBuildPhase;
			buildActionMask = 2147483647;
			files = (
			);
			runOnlyForDeploymentPostprocessing = 0;
		};
		485171B42CFDABC600629A99 /* Frameworks */ = {
			isa = PBXFrameworksBuildPhase;
			buildActionMask = 2147483647;
			files = (
			);
			runOnlyForDeploymentPostprocessing = 0;
		};
		485171BE2CFDABC600629A99 /* Frameworks */ = {
			isa = PBXFrameworksBuildPhase;
			buildActionMask = 2147483647;
			files = (
			);
			runOnlyForDeploymentPostprocessing = 0;
		};
/* End PBXFrameworksBuildPhase section */

/* Begin PBXGroup section */
		4851719E2CFDABC500629A99 = {
			isa = PBXGroup;
			children = (
				485171A92CFDABC500629A99 /* DrinkSelector */,
				485171BA2CFDABC600629A99 /* DrinkSelectorTests */,
				485171C42CFDABC600629A99 /* DrinkSelectorUITests */,
				485171A82CFDABC500629A99 /* Products */,
			);
			sourceTree = "<group>";
		};
		485171A82CFDABC500629A99 /* Products */ = {
			isa = PBXGroup;
			children = (
				485171A72CFDABC500629A99 /* DrinkSelector.app */,
				485171B72CFDABC600629A99 /* DrinkSelectorTests.xctest */,
				485171C12CFDABC600629A99 /* DrinkSelectorUITests.xctest */,
			);
			name = Products;
			sourceTree = "<group>";
		};
		485171A92CFDABC500629A99 /* DrinkSelector */ = {
			isa = PBXGroup;
			children = (
				485171AA2CFDABC500629A99 /* DrinkSelectorApp.swift */,
				485171AC2CFDABC500629A99 /* ContentView.swift */,
				485171AE2CFDABC600629A99 /* Assets.xcassets */,
				485171B02CFDABC600629A99 /* Preview Content */,
			);
			path = DrinkSelector;
			sourceTree = "<group>";
		};
		485171B02CFDABC600629A99 /* Preview Content */ = {
			isa = PBXGroup;
			children = (
				485171B12CFDABC600629A99 /* Preview Assets.xcassets */,
			);
			path = "Preview Content";
			sourceTree = "<group>";
		};
		485171BA2CFDABC600629A99 /* DrinkSelectorTests */ = {
			isa = PBXGroup;
			children = (
				485171BB2CFDABC600629A99 /* DrinkSelectorTests.swift */,
			);
			path = DrinkSelectorTests;
			sourceTree = "<group>";
		};
		485171C42CFDABC600629A99 /* DrinkSelectorUITests */ = {
			isa = PBXGroup;
			children = (
				485171C52CFDABC600629A99 /* DrinkSelectorUITests.swift */,
				485171C72CFDABC600629A99 /* DrinkSelectorUITestsLaunchTests.swift */,
			);
			path = DrinkSelectorUITests;
			sourceTree = "<group>";
		};
/* End PBXGroup section */

/* Begin PBXNativeTarget section */
		485171A62CFDABC500629A99 /* DrinkSelector */ = {
			isa = PBXNativeTarget;
			buildConfigurationList = 485171CB2CFDABC600629A99 /* Build configuration list for PBXNativeTarget "DrinkSelector" */;
			buildPhases = (
				485171A32CFDABC500629A99 /* Sources */,
				485171A42CFDABC500629A99 /* Frameworks */,
				485171A52CFDABC500629A99 /* Resources */,
			);
			buildRules = (
			);
			dependencies = (
			);
			name = DrinkSelector;
			productName = DrinkSelector;
			productReference = 485171A72CFDABC500629A99 /* DrinkSelector.app */;
			productType = "com.apple.product-type.application";
		};
		485171B62CFDABC600629A99 /* DrinkSelectorTests */ = {
			isa = PBXNativeTarget;
			buildConfigurationList = 485171CE2CFDABC600629A99 /* Build configuration list for PBXNativeTarget "DrinkSelectorTests" */;
			buildPhases = (
				485171B32CFDABC600629A99 /* Sources */,
				485171B42CFDABC600629A99 /* Frameworks */,
				485171B52CFDABC600629A99 /* Resources */,
			);
			buildRules = (
			);
			dependencies = (
				485171B92CFDABC600629A99 /* PBXTargetDependency */,
			);
			name = DrinkSelectorTests;
			productName = DrinkSelectorTests;
			productReference = 485171B72CFDABC600629A99 /* DrinkSelectorTests.xctest */;
			productType = "com.apple.product-type.bundle.unit-test";
		};
		485171C02CFDABC600629A99 /* DrinkSelectorUITests */ = {
			isa = PBXNativeTarget;
			buildConfigurationList = 485171D12CFDABC600629A99 /* Build configuration list for PBXNativeTarget "DrinkSelectorUITests" */;
			buildPhases = (
				485171BD2CFDABC600629A99 /* Sources */,
				485171BE2CFDABC600629A99 /* Frameworks */,
				485171BF2CFDABC600629A99 /* Resources */,
			);
			buildRules = (
			);
			dependencies = (
				485171C32CFDABC600629A99 /* PBXTargetDependency */,
			);
			name = DrinkSelectorUITests;
			productName = DrinkSelectorUITests;
			productReference = 485171C12CFDABC600629A99 /* DrinkSelectorUITests.xctest */;
			productType = "com.apple.product-type.bundle.ui-testing";
		};
/* End PBXNativeTarget section */

/* Begin PBXProject section */
		4851719F2CFDABC500629A99 /* Project object */ = {
			isa = PBXProject;
			attributes = {
				BuildIndependentTargetsInParallel = 1;
				LastSwiftUpdateCheck = 1540;
				LastUpgradeCheck = 1540;
				TargetAttributes = {
					485171A62CFDABC500629A99 = {
						CreatedOnToolsVersion = 15.4;
					};
					485171B62CFDABC600629A99 = {
						CreatedOnToolsVersion = 15.4;
						TestTargetID = 485171A62CFDABC500629A99;
					};
					485171C02CFDABC600629A99 = {
						CreatedOnToolsVersion = 15.4;
						TestTargetID = 485171A62CFDABC500629A99;
					};
				};
			};
			buildConfigurationList = 485171A22CFDABC500629A99 /* Build configuration list for PBXProject "DrinkSelector" */;
			compatibilityVersion = "Xcode 14.0";
			developmentRegion = en;
			hasScannedForEncodings = 0;
			knownRegions = (
				en,
				Base,
			);
			mainGroup = 4851719E2CFDABC500629A99;
			productRefGroup = 485171A82CFDABC500629A99 /* Products */;
			projectDirPath = "";
			projectRoot = "";
			targets = (
				485171A62CFDABC500629A99 /* DrinkSelector */,
				485171B62CFDABC600629A99 /* DrinkSelectorTests */,
				485171C02CFDABC600629A99 /* DrinkSelectorUITests */,
			);
		};
/* End PBXProject section */

/* Begin PBXResourcesBuildPhase section */
		485171A52CFDABC500629A99 /* Resources */ = {
			isa = PBXResourcesBuildPhase;
			buildActionMask = 2147483647;
			files = (
				485171B22CFDABC600629A99 /* Preview Assets.xcassets in Resources */,
				485171AF2CFDABC600629A99 /* Assets.xcassets in Resources */,
			);
			runOnlyForDeploymentPostprocessing = 0;
		};
		485171B52CFDABC600629A99 /* Resources */ = {
			isa = PBXResourcesBuildPhase;
			buildActionMask = 2147483647;
			files = (
			);
			runOnlyForDeploymentPostprocessing = 0;
		};
		485171BF2CFDABC600629A99 /* Resources */ = {
			isa = PBXResourcesBuildPhase;
			buildActionMask = 2147483647;
			files = (
			);
			runOnlyForDeploymentPostprocessing = 0;
		};
/* End PBXResourcesBuildPhase section */

/* Begin PBXSourcesBuildPhase section */
		485171A32CFDABC500629A99 /* Sources */ = {
			isa = PBXSourcesBuildPhase;
			buildActionMask = 2147483647;
			files = (
				485171AD2CFDABC500629A99 /* ContentView.swift in Sources */,
				485171AB2CFDABC500629A99 /* DrinkSelectorApp.swift in Sources */,
			);
			runOnlyForDeploymentPostprocessing = 0;
		};
		485171B32CFDABC600629A99 /* Sources */ = {
			isa = PBXSourcesBuildPhase;
			buildActionMask = 2147483647;
			files = (
				485171BC2CFDABC600629A99 /* DrinkSelectorTests.swift in Sources */,
			);
			runOnlyForDeploymentPostprocessing = 0;
		};
		485171BD2CFDABC600629A99 /* Sources */ = {
			isa = PBXSourcesBuildPhase;
			buildActionMask = 2147483647;
			files = (
				485171C82CFDABC600629A99 /* DrinkSelectorUITestsLaunchTests.swift in Sources */,
				485171C62CFDABC600629A99 /* DrinkSelectorUITests.swift in Sources */,
			);
			runOnlyForDeploymentPostprocessing = 0;
		};
/* End PBXSourcesBuildPhase section */

/* Begin PBXTargetDependency section */
		485171B92CFDABC600629A99 /* PBXTargetDependency */ = {
			isa = PBXTargetDependency;
			target = 485171A62CFDABC500629A99 /* DrinkSelector */;
			targetProxy = 485171B82CFDABC600629A99 /* PBXContainerItemProxy */;
		};
		485171C32CFDABC600629A99 /* PBXTargetDependency */ = {
			isa = PBXTargetDependency;
			target = 485171A62CFDABC500629A99 /* DrinkSelector */;
			targetProxy = 485171C22CFDABC600629A99 /* PBXContainerItemProxy */;
		};
/* End PBXTargetDependency section */

/* Begin XCBuildConfiguration section */
		485171C92CFDABC600629A99 /* Debug */ = {
			isa = XCBuildConfiguration;
			buildSettings = {
				ALWAYS_SEARCH_USER_PATHS = NO;
				ASSETCATALOG_COMPILER_GENERATE_SWIFT_ASSET_SYMBOL_EXTENSIONS = YES;
				CLANG_ANALYZER_NONNULL = YES;
				CLANG_ANALYZER_NUMBER_OBJECT_CONVERSION = YES_AGGRESSIVE;
				CLANG_CXX_LANGUAGE_STANDARD = "gnu++20";
				CLANG_ENABLE_MODULES = YES;
				CLANG_ENABLE_OBJC_ARC = YES;
				CLANG_ENABLE_OBJC_WEAK = YES;
				CLANG_WARN_BLOCK_CAPTURE_AUTORELEASING = YES;
				CLANG_WARN_BOOL_CONVERSION = YES;
				CLANG_WARN_COMMA = YES;
				CLANG_WARN_CONSTANT_CONVERSION = YES;
				CLANG_WARN_DEPRECATED_OBJC_IMPLEMENTATIONS = YES;
				CLANG_WARN_DIRECT_OBJC_ISA_USAGE = YES_ERROR;
				CLANG_WARN_DOCUMENTATION_COMMENTS = YES;
				CLANG_WARN_EMPTY_BODY = YES;
				CLANG_WARN_ENUM_CONVERSION = YES;
				CLANG_WARN_INFINITE_RECURSION = YES;
				CLANG_WARN_INT_CONVERSION = YES;
				CLANG_WARN_NON_LITERAL_NULL_CONVERSION = YES;
				CLANG_WARN_OBJC_IMPLICIT_RETAIN_SELF = YES;
				CLANG_WARN_OBJC_LITERAL_CONVERSION = YES;
				CLANG_WARN_OBJC_ROOT_CLASS = YES_ERROR;
				CLANG_WARN_QUOTED_INCLUDE_IN_FRAMEWORK_HEADER = YES;
				CLANG_WARN_RANGE_LOOP_ANALYSIS = YES;
				CLANG_WARN_STRICT_PROTOTYPES = YES;
				CLANG_WARN_SUSPICIOUS_MOVE = YES;
				CLANG_WARN_UNGUARDED_AVAILABILITY = YES_AGGRESSIVE;
				CLANG_WARN_UNREACHABLE_CODE = YES;
				CLANG_WARN__DUPLICATE_METHOD_MATCH = YES;
				COPY_PHASE_STRIP = NO;
				DEBUG_INFORMATION_FORMAT = dwarf;
				ENABLE_STRICT_OBJC_MSGSEND = YES;
				ENABLE_TESTABILITY = YES;
				ENABLE_USER_SCRIPT_SANDBOXING = YES;
				GCC_C_LANGUAGE_STANDARD = gnu17;
				GCC_DYNAMIC_NO_PIC = NO;
				GCC_NO_COMMON_BLOCKS = YES;
				GCC_OPTIMIZATION_LEVEL = 0;
				GCC_PREPROCESSOR_DEFINITIONS = (
					"DEBUG=1",
					"$(inherited)",
				);
				GCC_WARN_64_TO_32_BIT_CONVERSION = YES;
				GCC_WARN_ABOUT_RETURN_TYPE = YES_ERROR;
				GCC_WARN_UNDECLARED_SELECTOR = YES;
				GCC_WARN_UNINITIALIZED_AUTOS = YES_AGGRESSIVE;
				GCC_WARN_UNUSED_FUNCTION = YES;
				GCC_WARN_UNUSED_VARIABLE = YES;
				IPHONEOS_DEPLOYMENT_TARGET = 17.5;
				LOCALIZATION_PREFERS_STRING_CATALOGS = YES;
				MTL_ENABLE_DEBUG_INFO = INCLUDE_SOURCE;
				MTL_FAST_MATH = YES;
				ONLY_ACTIVE_ARCH = YES;
				SDKROOT = iphoneos;
				SWIFT_ACTIVE_COMPILATION_CONDITIONS = "DEBUG $(inherited)";
				SWIFT_OPTIMIZATION_LEVEL = "-Onone";
			};
			name = Debug;
		};
		485171CA2CFDABC600629A99 /* Release */ = {
			isa = XCBuildConfiguration;
			buildSettings = {
				ALWAYS_SEARCH_USER_PATHS = NO;
				ASSETCATALOG_COMPILER_GENERATE_SWIFT_ASSET_SYMBOL_EXTENSIONS = YES;
				CLANG_ANALYZER_NONNULL = YES;
				CLANG_ANALYZER_NUMBER_OBJECT_CONVERSION = YES_AGGRESSIVE;
				CLANG_CXX_LANGUAGE_STANDARD = "gnu++20";
				CLANG_ENABLE_MODULES = YES;
				CLANG_ENABLE_OBJC_ARC = YES;
				CLANG_ENABLE_OBJC_WEAK = YES;
				CLANG_WARN_BLOCK_CAPTURE_AUTORELEASING = YES;
				CLANG_WARN_BOOL_CONVERSION = YES;
				CLANG_WARN_COMMA = YES;
				CLANG_WARN_CONSTANT_CONVERSION = YES;
				CLANG_WARN_DEPRECATED_OBJC_IMPLEMENTATIONS = YES;
				CLANG_WARN_DIRECT_OBJC_ISA_USAGE = YES_ERROR;
				CLANG_WARN_DOCUMENTATION_COMMENTS = YES;
				CLANG_WARN_EMPTY_BODY = YES;
				CLANG_WARN_ENUM_CONVERSION = YES;
				CLANG_WARN_INFINITE_RECURSION = YES;
				CLANG_WARN_INT_CONVERSION = YES;
				CLANG_WARN_NON_LITERAL_NULL_CONVERSION = YES;
				CLANG_WARN_OBJC_IMPLICIT_RETAIN_SELF = YES;
				CLANG_WARN_OBJC_LITERAL_CONVERSION = YES;
				CLANG_WARN_OBJC_ROOT_CLASS = YES_ERROR;
				CLANG_WARN_QUOTED_INCLUDE_IN_FRAMEWORK_HEADER = YES;
				CLANG_WARN_RANGE_LOOP_ANALYSIS = YES;
				CLANG_WARN_STRICT_PROTOTYPES = YES;
				CLANG_WARN_SUSPICIOUS_MOVE = YES;
				CLANG_WARN_UNGUARDED_AVAILABILITY = YES_AGGRESSIVE;
				CLANG_WARN_UNREACHABLE_CODE = YES;
				CLANG_WARN__DUPLICATE_METHOD_MATCH = YES;
				COPY_PHASE_STRIP = NO;
				DEBUG_INFORMATION_FORMAT = "dwarf-with-dsym";
				ENABLE_NS_ASSERTIONS = NO;
				ENABLE_STRICT_OBJC_MSGSEND = YES;
				ENABLE_USER_SCRIPT_SANDBOXING = YES;
				GCC_C_LANGUAGE_STANDARD = gnu17;
				GCC_NO_COMMON_BLOCKS = YES;
				GCC_WARN_64_TO_32_BIT_CONVERSION = YES;
				GCC_WARN_ABOUT_RETURN_TYPE = YES_ERROR;
				GCC_WARN_UNDECLARED_SELECTOR = YES;
				GCC_WARN_UNINITIALIZED_AUTOS = YES_AGGRESSIVE;
				GCC_WARN_UNUSED_FUNCTION = YES;
				GCC_WARN_UNUSED_VARIABLE = YES;
				IPHONEOS_DEPLOYMENT_TARGET = 17.5;
				LOCALIZATION_PREFERS_STRING_CATALOGS = YES;
				MTL_ENABLE_DEBUG_INFO = NO;
				MTL_FAST_MATH = YES;
				SDKROOT = iphoneos;
				SWIFT_COMPILATION_MODE = wholemodule;
				VALIDATE_PRODUCT = YES;
			};
			name = Release;
		};
		485171CC2CFDABC600629A99 /* Debug */ = {
			isa = XCBuildConfiguration;
			buildSettings = {
				ASSETCATALOG_COMPILER_APPICON_NAME = AppIcon;
				ASSETCATALOG_COMPILER_GLOBAL_ACCENT_COLOR_NAME = AccentColor;
				CODE_SIGN_STYLE = Automatic;
				CURRENT_PROJECT_VERSION = 1;
				DEVELOPMENT_ASSET_PATHS = "\"DrinkSelector/Preview Content\"";
				ENABLE_PREVIEWS = YES;
				GENERATE_INFOPLIST_FILE = YES;
				INFOPLIST_KEY_UIApplicationSceneManifest_Generation = YES;
				INFOPLIST_KEY_UIApplicationSupportsIndirectInputEvents = YES;
				INFOPLIST_KEY_UILaunchScreen_Generation = YES;
				INFOPLIST_KEY_UISupportedInterfaceOrientations_iPad = "UIInterfaceOrientationPortrait UIInterfaceOrientationPortraitUpsideDown UIInterfaceOrientationLandscapeLeft UIInterfaceOrientationLandscapeRight";
				INFOPLIST_KEY_UISupportedInterfaceOrientations_iPhone = "UIInterfaceOrientationPortrait UIInterfaceOrientationLandscapeLeft UIInterfaceOrientationLandscapeRight";
				LD_RUNPATH_SEARCH_PATHS = (
					"$(inherited)",
					"@executable_path/Frameworks",
				);
				MARKETING_VERSION = 1.0;
				PRODUCT_BUNDLE_IDENTIFIER = com.example.DrinkSelector.DrinkSelector;
				PRODUCT_NAME = "$(TARGET_NAME)";
				SWIFT_EMIT_LOC_STRINGS = YES;
				SWIFT_VERSION = 5.0;
				TARGETED_DEVICE_FAMILY = "1,2";
			};
			name = Debug;
		};
		485171CD2CFDABC600629A99 /* Release */ = {
			isa = XCBuildConfiguration;
			buildSettings = {
				ASSETCATALOG_COMPILER_APPICON_NAME = AppIcon;
				ASSETCATALOG_COMPILER_GLOBAL_ACCENT_COLOR_NAME = AccentColor;
				CODE_SIGN_STYLE = Automatic;
				CURRENT_PROJECT_VERSION = 1;
				DEVELOPMENT_ASSET_PATHS = "\"DrinkSelector/Preview Content\"";
				ENABLE_PREVIEWS = YES;
				GENERATE_INFOPLIST_FILE = YES;
				INFOPLIST_KEY_UIApplicationSceneManifest_Generation = YES;
				INFOPLIST_KEY_UIApplicationSupportsIndirectInputEvents = YES;
				INFOPLIST_KEY_UILaunchScreen_Generation = YES;
				INFOPLIST_KEY_UISupportedInterfaceOrientations_iPad = "UIInterfaceOrientationPortrait UIInterfaceOrientationPortraitUpsideDown UIInterfaceOrientationLandscapeLeft UIInterfaceOrientationLandscapeRight";
				INFOPLIST_KEY_UISupportedInterfaceOrientations_iPhone = "UIInterfaceOrientationPortrait UIInterfaceOrientationLandscapeLeft UIInterfaceOrientationLandscapeRight";
				LD_RUNPATH_SEARCH_PATHS = (
					"$(inherited)",
					"@executable_path/Frameworks",
				);
				MARKETING_VERSION = 1.0;
				PRODUCT_BUNDLE_IDENTIFIER = com.example.DrinkSelector.DrinkSelector;
				PRODUCT_NAME = "$(TARGET_NAME)";
				SWIFT_EMIT_LOC_STRINGS = YES;
				SWIFT_VERSION = 5.0;
				TARGETED_DEVICE_FAMILY = "1,2";
			};
			name = Release;
		};
		485171CF2CFDABC600629A99 /* Debug */ = {
			isa = XCBuildConfiguration;
			buildSettings = {
				ALWAYS_EMBED_SWIFT_STANDARD_LIBRARIES = YES;
				BUNDLE_LOADER = "$(TEST_HOST)";
				CODE_SIGN_STYLE = Automatic;
				CURRENT_PROJECT_VERSION = 1;
				GENERATE_INFOPLIST_FILE = YES;
				IPHONEOS_DEPLOYMENT_TARGET = 17.5;
				MARKETING_VERSION = 1.0;
				PRODUCT_BUNDLE_IDENTIFIER = com.example.DrinkSelector.DrinkSelectorTests;
				PRODUCT_NAME = "$(TARGET_NAME)";
				SWIFT_EMIT_LOC_STRINGS = NO;
				SWIFT_VERSION = 5.0;
				TARGETED_DEVICE_FAMILY = "1,2";
				TEST_HOST = "$(BUILT_PRODUCTS_DIR)/DrinkSelector.app/$(BUNDLE_EXECUTABLE_FOLDER_PATH)/DrinkSelector";
			};
			name = Debug;
		};
		485171D02CFDABC600629A99 /* Release */ = {
			isa = XCBuildConfiguration;
			buildSettings = {
				ALWAYS_EMBED_SWIFT_STANDARD_LIBRARIES = YES;
				BUNDLE_LOADER = "$(TEST_HOST)";
				CODE_SIGN_STYLE = Automatic;
				CURRENT_PROJECT_VERSION = 1;
				GENERATE_INFOPLIST_FILE = YES;
				IPHONEOS_DEPLOYMENT_TARGET = 17.5;
				MARKETING_VERSION = 1.0;
				PRODUCT_BUNDLE_IDENTIFIER = com.example.DrinkSelector.DrinkSelectorTests;
				PRODUCT_NAME = "$(TARGET_NAME)";
				SWIFT_EMIT_LOC_STRINGS = NO;
				SWIFT_VERSION = 5.0;
				TARGETED_DEVICE_FAMILY = "1,2";
				TEST_HOST = "$(BUILT_PRODUCTS_DIR)/DrinkSelector.app/$(BUNDLE_EXECUTABLE_FOLDER_PATH)/DrinkSelector";
			};
			name = Release;
		};
		485171D22CFDABC600629A99 /* Debug */ = {
			isa = XCBuildConfiguration;
			buildSettings = {
				ALWAYS_EMBED_SWIFT_STANDARD_LIBRARIES = YES;
				CODE_SIGN_STYLE = Automatic;
				CURRENT_PROJECT_VERSION = 1;
				GENERATE_INFOPLIST_FILE = YES;
				MARKETING_VERSION = 1.0;
				PRODUCT_BUNDLE_IDENTIFIER = com.example.DrinkSelector.DrinkSelectorUITests;
				PRODUCT_NAME = "$(TARGET_NAME)";
				SWIFT_EMIT_LOC_STRINGS = NO;
				SWIFT_VERSION = 5.0;
				TARGETED_DEVICE_FAMILY = "1,2";
				TEST_TARGET_NAME = DrinkSelector;
			};
			name = Debug;
		};
		485171D32CFDABC600629A99 /* Release */ = {
			isa = XCBuildConfiguration;
			buildSettings = {
				ALWAYS_EMBED_SWIFT_STANDARD_LIBRARIES = YES;
				CODE_SIGN_STYLE = Automatic;
				CURRENT_PROJECT_VERSION = 1;
				GENERATE_INFOPLIST_FILE = YES;
				MARKETING_VERSION = 1.0;
				PRODUCT_BUNDLE_IDENTIFIER = com.example.DrinkSelector.DrinkSelectorUITests;
				PRODUCT_NAME = "$(TARGET_NAME)";
				SWIFT_EMIT_LOC_STRINGS = NO;
				SWIFT_VERSION = 5.0;
				TARGETED_DEVICE_FAMILY = "1,2";
				TEST_TARGET_NAME = DrinkSelector;
			};
			name = Release;
		};
/* End XCBuildConfiguration section */

/* Begin XCConfigurationList section */
		485171A22CFDABC500629A99 /* Build configuration list for PBXProject "DrinkSelector" */ = {
			isa = XCConfigurationList;
			buildConfigurations = (
				485171C92CFDABC600629A99 /* Debug */,
				485171CA2CFDABC600629A99 /* Release */,
			);
			defaultConfigurationIsVisible = 0;
			defaultConfigurationName = Release;
		};
		485171CB2CFDABC600629A99 /* Build configuration list for PBXNativeTarget "DrinkSelector" */ = {
			isa = XCConfigurationList;
			buildConfigurations = (
				485171CC2CFDABC600629A99 /* Debug */,
				485171CD2CFDABC600629A99 /* Release */,
			);
			defaultConfigurationIsVisible = 0;
			defaultConfigurationName = Release;
		};
		485171CE2CFDABC600629A99 /* Build configuration list for PBXNativeTarget "DrinkSelectorTests" */ = {
			isa = XCConfigurationList;
			buildConfigurations = (
				485171CF2CFDABC600629A99 /* Debug */,
				485171D02CFDABC600629A99 /* Release */,
			);
			defaultConfigurationIsVisible = 0;
			defaultConfigurationName = Release;
		};
		485171D12CFDABC600629A99 /* Build configuration list for PBXNativeTarget "DrinkSelectorUITests" */ = {
			isa = XCConfigurationList;
			buildConfigurations = (
				485171D22CFDABC600629A99 /* Debug */,
				485171D32CFDABC600629A99 /* Release */,
			);
			defaultConfigurationIsVisible = 0;
			defaultConfigurationName = Release;
		};
/* End XCConfigurationList section */
	};
	rootObject = 4851719F2CFDABC500629A99 /* Project object */;
}
